// !$*UTF8*$!
{
	archiveVersion = 1;
	classes = {
	};
	objectVersion = 46;
	objects = {

/* Begin PBXBuildFile section */
		F94CAE561C925184008CFF72 /* main.m in Sources */ = {isa = PBXBuildFile; fileRef = F94CAE551C925184008CFF72 /* main.m */; };
		F94CAE591C925184008CFF72 /* AppDelegate.m in Sources */ = {isa = PBXBuildFile; fileRef = F94CAE581C925184008CFF72 /* AppDelegate.m */; };
		F94CAE5C1C925184008CFF72 /* ViewController.m in Sources */ = {isa = PBXBuildFile; fileRef = F94CAE5B1C925184008CFF72 /* ViewController.m */; };
		F94CAE5F1C925184008CFF72 /* Main.storyboard in Resources */ = {isa = PBXBuildFile; fileRef = F94CAE5D1C925184008CFF72 /* Main.storyboard */; };
		F94CAE621C925184008CFF72 /* snspictures.xcdatamodeld in Sources */ = {isa = PBXBuildFile; fileRef = F94CAE601C925184008CFF72 /* snspictures.xcdatamodeld */; };
		F94CAE641C925184008CFF72 /* Assets.xcassets in Resources */ = {isa = PBXBuildFile; fileRef = F94CAE631C925184008CFF72 /* Assets.xcassets */; };
		F94CAE671C925184008CFF72 /* LaunchScreen.storyboard in Resources */ = {isa = PBXBuildFile; fileRef = F94CAE651C925184008CFF72 /* LaunchScreen.storyboard */; };
		F94CAE741C9251D4008CFF72 /* main.m in Sources */ = {isa = PBXBuildFile; fileRef = F94CAE731C9251D4008CFF72 /* main.m */; };
		F94CAE771C9251D4008CFF72 /* AppDelegate.m in Sources */ = {isa = PBXBuildFile; fileRef = F94CAE761C9251D4008CFF72 /* AppDelegate.m */; };
		F94CAE7D1C9251D4008CFF72 /* Main.storyboard in Resources */ = {isa = PBXBuildFile; fileRef = F94CAE7B1C9251D4008CFF72 /* Main.storyboard */; };
		F94CAE801C9251D4008CFF72 /* basetable.xcdatamodeld in Sources */ = {isa = PBXBuildFile; fileRef = F94CAE7E1C9251D4008CFF72 /* basetable.xcdatamodeld */; };
		F94CAE821C9251D4008CFF72 /* Assets.xcassets in Resources */ = {isa = PBXBuildFile; fileRef = F94CAE811C9251D4008CFF72 /* Assets.xcassets */; };
		F94CAE851C9251D4008CFF72 /* LaunchScreen.storyboard in Resources */ = {isa = PBXBuildFile; fileRef = F94CAE831C9251D4008CFF72 /* LaunchScreen.storyboard */; };
		F94CAE901C92533C008CFF72 /* RootTableViewController.m in Sources */ = {isa = PBXBuildFile; fileRef = F94CAE8F1C92533C008CFF72 /* RootTableViewController.m */; };
		F94CAE941C925CC7008CFF72 /* icon-sns-instagram.png in Resources */ = {isa = PBXBuildFile; fileRef = F94CAE931C925CC7008CFF72 /* icon-sns-instagram.png */; };
		F94CAE991C925ED7008CFF72 /* SNSServices.m in Sources */ = {isa = PBXBuildFile; fileRef = F94CAE981C925ED7008CFF72 /* SNSServices.m */; };
		F94CAE9C1C926798008CFF72 /* icon-general-exit.png in Resources */ = {isa = PBXBuildFile; fileRef = F94CAE9B1C926798008CFF72 /* icon-general-exit.png */; };
		F94CAE9F1C92682E008CFF72 /* DisplayViewController.m in Sources */ = {isa = PBXBuildFile; fileRef = F94CAE9E1C92682E008CFF72 /* DisplayViewController.m */; };
/* End PBXBuildFile section */

/* Begin PBXFileReference section */
		F94CAE521C925184008CFF72 /* snspictures.app */ = {isa = PBXFileReference; explicitFileType = wrapper.application; includeInIndex = 0; path = snspictures.app; sourceTree = BUILT_PRODUCTS_DIR; };
		F94CAE551C925184008CFF72 /* main.m */ = {isa = PBXFileReference; lastKnownFileType = sourcecode.c.objc; path = main.m; sourceTree = "<group>"; };
		F94CAE571C925184008CFF72 /* AppDelegate.h */ = {isa = PBXFileReference; lastKnownFileType = sourcecode.c.h; path = AppDelegate.h; sourceTree = "<group>"; };
		F94CAE581C925184008CFF72 /* AppDelegate.m */ = {isa = PBXFileReference; lastKnownFileType = sourcecode.c.objc; path = AppDelegate.m; sourceTree = "<group>"; };
		F94CAE5A1C925184008CFF72 /* ViewController.h */ = {isa = PBXFileReference; lastKnownFileType = sourcecode.c.h; path = ViewController.h; sourceTree = "<group>"; };
		F94CAE5B1C925184008CFF72 /* ViewController.m */ = {isa = PBXFileReference; lastKnownFileType = sourcecode.c.objc; path = ViewController.m; sourceTree = "<group>"; };
		F94CAE5E1C925184008CFF72 /* Base */ = {isa = PBXFileReference; lastKnownFileType = file.storyboard; name = Base; path = Base.lproj/Main.storyboard; sourceTree = "<group>"; };
		F94CAE611C925184008CFF72 /* snspictures.xcdatamodel */ = {isa = PBXFileReference; lastKnownFileType = wrapper.xcdatamodel; path = snspictures.xcdatamodel; sourceTree = "<group>"; };
		F94CAE631C925184008CFF72 /* Assets.xcassets */ = {isa = PBXFileReference; lastKnownFileType = folder.assetcatalog; path = Assets.xcassets; sourceTree = "<group>"; };
		F94CAE661C925184008CFF72 /* Base */ = {isa = PBXFileReference; lastKnownFileType = file.storyboard; name = Base; path = Base.lproj/LaunchScreen.storyboard; sourceTree = "<group>"; };
		F94CAE681C925185008CFF72 /* Info.plist */ = {isa = PBXFileReference; lastKnownFileType = text.plist.xml; path = Info.plist; sourceTree = "<group>"; };
		F94CAE701C9251D4008CFF72 /* basetable.app */ = {isa = PBXFileReference; explicitFileType = wrapper.application; includeInIndex = 0; path = basetable.app; sourceTree = BUILT_PRODUCTS_DIR; };
		F94CAE731C9251D4008CFF72 /* main.m */ = {isa = PBXFileReference; lastKnownFileType = sourcecode.c.objc; path = main.m; sourceTree = "<group>"; };
		F94CAE751C9251D4008CFF72 /* AppDelegate.h */ = {isa = PBXFileReference; lastKnownFileType = sourcecode.c.h; path = AppDelegate.h; sourceTree = "<group>"; };
		F94CAE761C9251D4008CFF72 /* AppDelegate.m */ = {isa = PBXFileReference; lastKnownFileType = sourcecode.c.objc; path = AppDelegate.m; sourceTree = "<group>"; };
		F94CAE7C1C9251D4008CFF72 /* Base */ = {isa = PBXFileReference; lastKnownFileType = file.storyboard; name = Base; path = Base.lproj/Main.storyboard; sourceTree = "<group>"; };
		F94CAE7F1C9251D4008CFF72 /* basetable.xcdatamodel */ = {isa = PBXFileReference; lastKnownFileType = wrapper.xcdatamodel; path = basetable.xcdatamodel; sourceTree = "<group>"; };
		F94CAE811C9251D4008CFF72 /* Assets.xcassets */ = {isa = PBXFileReference; lastKnownFileType = folder.assetcatalog; path = Assets.xcassets; sourceTree = "<group>"; };
		F94CAE841C9251D4008CFF72 /* Base */ = {isa = PBXFileReference; lastKnownFileType = file.storyboard; name = Base; path = Base.lproj/LaunchScreen.storyboard; sourceTree = "<group>"; };
		F94CAE861C9251D4008CFF72 /* Info.plist */ = {isa = PBXFileReference; lastKnownFileType = text.plist.xml; path = Info.plist; sourceTree = "<group>"; };
		F94CAE8E1C92533C008CFF72 /* RootTableViewController.h */ = {isa = PBXFileReference; fileEncoding = 4; lastKnownFileType = sourcecode.c.h; path = RootTableViewController.h; sourceTree = "<group>"; };
		F94CAE8F1C92533C008CFF72 /* RootTableViewController.m */ = {isa = PBXFileReference; fileEncoding = 4; lastKnownFileType = sourcecode.c.objc; path = RootTableViewController.m; sourceTree = "<group>"; };
		F94CAE931C925CC7008CFF72 /* icon-sns-instagram.png */ = {isa = PBXFileReference; lastKnownFileType = image.png; path = "icon-sns-instagram.png"; sourceTree = "<group>"; };
		F94CAE971C925ED7008CFF72 /* SNSServices.h */ = {isa = PBXFileReference; fileEncoding = 4; lastKnownFileType = sourcecode.c.h; path = SNSServices.h; sourceTree = "<group>"; };
		F94CAE981C925ED7008CFF72 /* SNSServices.m */ = {isa = PBXFileReference; fileEncoding = 4; lastKnownFileType = sourcecode.c.objc; path = SNSServices.m; sourceTree = "<group>"; };
		F94CAE9B1C926798008CFF72 /* icon-general-exit.png */ = {isa = PBXFileReference; lastKnownFileType = image.png; path = "icon-general-exit.png"; sourceTree = "<group>"; };
		F94CAE9D1C92682E008CFF72 /* DisplayViewController.h */ = {isa = PBXFileReference; fileEncoding = 4; lastKnownFileType = sourcecode.c.h; path = DisplayViewController.h; sourceTree = "<group>"; };
		F94CAE9E1C92682E008CFF72 /* DisplayViewController.m */ = {isa = PBXFileReference; fileEncoding = 4; lastKnownFileType = sourcecode.c.objc; path = DisplayViewController.m; sourceTree = "<group>"; };
/* End PBXFileReference section */

/* Begin PBXFrameworksBuildPhase section */
		F94CAE4F1C925184008CFF72 /* Frameworks */ = {
			isa = PBXFrameworksBuildPhase;
			buildActionMask = 2147483647;
			files = (
			);
			runOnlyForDeploymentPostprocessing = 0;
		};
		F94CAE6D1C9251D4008CFF72 /* Frameworks */ = {
			isa = PBXFrameworksBuildPhase;
			buildActionMask = 2147483647;
			files = (
			);
			runOnlyForDeploymentPostprocessing = 0;
		};
/* End PBXFrameworksBuildPhase section */

/* Begin PBXGroup section */
		F94CAE531C925184008CFF72 /* snspictures */ = {
			isa = PBXGroup;
			children = (
				F94CAE571C925184008CFF72 /* AppDelegate.h */,
				F94CAE581C925184008CFF72 /* AppDelegate.m */,
				F94CAE5A1C925184008CFF72 /* ViewController.h */,
				F94CAE5B1C925184008CFF72 /* ViewController.m */,
				F94CAE5D1C925184008CFF72 /* Main.storyboard */,
				F94CAE631C925184008CFF72 /* Assets.xcassets */,
				F94CAE651C925184008CFF72 /* LaunchScreen.storyboard */,
				F94CAE681C925185008CFF72 /* Info.plist */,
				F94CAE601C925184008CFF72 /* snspictures.xcdatamodeld */,
				F94CAE541C925184008CFF72 /* Supporting Files */,
			);
			path = snspictures;
			sourceTree = "<group>";
		};
		F94CAE541C925184008CFF72 /* Supporting Files */ = {
			isa = PBXGroup;
			children = (
				F94CAE551C925184008CFF72 /* main.m */,
			);
			name = "Supporting Files";
			sourceTree = "<group>";
		};
		F94CAE711C9251D4008CFF72 /* basetable */ = {
			isa = PBXGroup;
			children = (
				F94CAE971C925ED7008CFF72 /* SNSServices.h */,
				F94CAE981C925ED7008CFF72 /* SNSServices.m */,
				F94CAE8A1C9251EB008CFF72 /* UI */,
				F94CAE751C9251D4008CFF72 /* AppDelegate.h */,
				F94CAE761C9251D4008CFF72 /* AppDelegate.m */,
				F94CAE811C9251D4008CFF72 /* Assets.xcassets */,
				F94CAE861C9251D4008CFF72 /* Info.plist */,
				F94CAE7E1C9251D4008CFF72 /* basetable.xcdatamodeld */,
				F94CAE721C9251D4008CFF72 /* Supporting Files */,
			);
			path = basetable;
			sourceTree = "<group>";
		};
		F94CAE721C9251D4008CFF72 /* Supporting Files */ = {
			isa = PBXGroup;
			children = (
				F94CAE731C9251D4008CFF72 /* main.m */,
			);
			name = "Supporting Files";
			sourceTree = "<group>";
		};
		F94CAE8A1C9251EB008CFF72 /* UI */ = {
			isa = PBXGroup;
			children = (
				F94CAE8C1C9252E2008CFF72 /* ViewControllers */,
				F94CAE8B1C92526C008CFF72 /* StoryBoards */,
			);
			name = UI;
			sourceTree = "<group>";
		};
		F94CAE8B1C92526C008CFF72 /* StoryBoards */ = {
			isa = PBXGroup;
			children = (
				F94CAE7B1C9251D4008CFF72 /* Main.storyboard */,
				F94CAE831C9251D4008CFF72 /* LaunchScreen.storyboard */,
			);
			name = StoryBoards;
			sourceTree = "<group>";
		};
		F94CAE8C1C9252E2008CFF72 /* ViewControllers */ = {
			isa = PBXGroup;
			children = (
				F94CAE8E1C92533C008CFF72 /* RootTableViewController.h */,
				F94CAE8F1C92533C008CFF72 /* RootTableViewController.m */,
				F94CAE9D1C92682E008CFF72 /* DisplayViewController.h */,
				F94CAE9E1C92682E008CFF72 /* DisplayViewController.m */,
			);
			name = ViewControllers;
			sourceTree = "<group>";
		};
		F94CAE911C925C9F008CFF72 /* images */ = {
			isa = PBXGroup;
			children = (
				F94CAE9A1C926798008CFF72 /* general */,
				F94CAE921C925C9F008CFF72 /* sns */,
			);
			path = images;
			sourceTree = "<group>";
		};
		F94CAE921C925C9F008CFF72 /* sns */ = {
			isa = PBXGroup;
			children = (
				F94CAE931C925CC7008CFF72 /* icon-sns-instagram.png */,
			);
			path = sns;
			sourceTree = "<group>";
		};
		F94CAE9A1C926798008CFF72 /* general */ = {
			isa = PBXGroup;
			children = (
				F94CAE9B1C926798008CFF72 /* icon-general-exit.png */,
			);
			path = general;
			sourceTree = "<group>";
		};
		F9C8F2C91BC1DD2500F111BB = {
			isa = PBXGroup;
			children = (
				F94CAE911C925C9F008CFF72 /* images */,
				F94CAE531C925184008CFF72 /* snspictures */,
				F94CAE711C9251D4008CFF72 /* basetable */,
				F9C8F2D31BC1DD2500F111BB /* Products */,
			);
			sourceTree = "<group>";
		};
		F9C8F2D31BC1DD2500F111BB /* Products */ = {
			isa = PBXGroup;
			children = (
				F94CAE521C925184008CFF72 /* snspictures.app */,
				F94CAE701C9251D4008CFF72 /* basetable.app */,
			);
			name = Products;
			sourceTree = "<group>";
		};
/* End PBXGroup section */

/* Begin PBXNativeTarget section */
		F94CAE511C925184008CFF72 /* snspictures */ = {
			isa = PBXNativeTarget;
			buildConfigurationList = F94CAE691C925185008CFF72 /* Build configuration list for PBXNativeTarget "snspictures" */;
			buildPhases = (
				F94CAE4E1C925184008CFF72 /* Sources */,
				F94CAE4F1C925184008CFF72 /* Frameworks */,
				F94CAE501C925184008CFF72 /* Resources */,
			);
			buildRules = (
			);
			dependencies = (
			);
			name = snspictures;
			productName = snspictures;
			productReference = F94CAE521C925184008CFF72 /* snspictures.app */;
			productType = "com.apple.product-type.application";
		};
		F94CAE6F1C9251D4008CFF72 /* basetable */ = {
			isa = PBXNativeTarget;
			buildConfigurationList = F94CAE871C9251D4008CFF72 /* Build configuration list for PBXNativeTarget "basetable" */;
			buildPhases = (
				F94CAE6C1C9251D4008CFF72 /* Sources */,
				F94CAE6D1C9251D4008CFF72 /* Frameworks */,
				F94CAE6E1C9251D4008CFF72 /* Resources */,
			);
			buildRules = (
			);
			dependencies = (
			);
			name = basetable;
			productName = basetable;
			productReference = F94CAE701C9251D4008CFF72 /* basetable.app */;
			productType = "com.apple.product-type.application";
		};
/* End PBXNativeTarget section */

/* Begin PBXProject section */
		F9C8F2CA1BC1DD2500F111BB /* Project object */ = {
			isa = PBXProject;
			attributes = {
				LastUpgradeCheck = 0640;
				ORGANIZATIONNAME = "Joohae Kim";
				TargetAttributes = {
					F94CAE511C925184008CFF72 = {
						CreatedOnToolsVersion = 7.2;
					};
					F94CAE6F1C9251D4008CFF72 = {
						CreatedOnToolsVersion = 7.2;
					};
				};
			};
			buildConfigurationList = F9C8F2CD1BC1DD2500F111BB /* Build configuration list for PBXProject "iOSSamples" */;
			compatibilityVersion = "Xcode 3.2";
			developmentRegion = English;
			hasScannedForEncodings = 0;
			knownRegions = (
				en,
				Base,
			);
			mainGroup = F9C8F2C91BC1DD2500F111BB;
			productRefGroup = F9C8F2D31BC1DD2500F111BB /* Products */;
			projectDirPath = "";
			projectRoot = "";
			targets = (
				F94CAE511C925184008CFF72 /* snspictures */,
				F94CAE6F1C9251D4008CFF72 /* basetable */,
			);
		};
/* End PBXProject section */

/* Begin PBXResourcesBuildPhase section */
		F94CAE501C925184008CFF72 /* Resources */ = {
			isa = PBXResourcesBuildPhase;
			buildActionMask = 2147483647;
			files = (
				F94CAE671C925184008CFF72 /* LaunchScreen.storyboard in Resources */,
				F94CAE641C925184008CFF72 /* Assets.xcassets in Resources */,
				F94CAE5F1C925184008CFF72 /* Main.storyboard in Resources */,
			);
			runOnlyForDeploymentPostprocessing = 0;
		};
		F94CAE6E1C9251D4008CFF72 /* Resources */ = {
			isa = PBXResourcesBuildPhase;
			buildActionMask = 2147483647;
			files = (
				F94CAE851C9251D4008CFF72 /* LaunchScreen.storyboard in Resources */,
				F94CAE821C9251D4008CFF72 /* Assets.xcassets in Resources */,
				F94CAE9C1C926798008CFF72 /* icon-general-exit.png in Resources */,
				F94CAE941C925CC7008CFF72 /* icon-sns-instagram.png in Resources */,
				F94CAE7D1C9251D4008CFF72 /* Main.storyboard in Resources */,
			);
			runOnlyForDeploymentPostprocessing = 0;
		};
/* End PBXResourcesBuildPhase section */

/* Begin PBXSourcesBuildPhase section */
		F94CAE4E1C925184008CFF72 /* Sources */ = {
			isa = PBXSourcesBuildPhase;
			buildActionMask = 2147483647;
			files = (
				F94CAE5C1C925184008CFF72 /* ViewController.m in Sources */,
				F94CAE591C925184008CFF72 /* AppDelegate.m in Sources */,
				F94CAE561C925184008CFF72 /* main.m in Sources */,
				F94CAE621C925184008CFF72 /* snspictures.xcdatamodeld in Sources */,
			);
			runOnlyForDeploymentPostprocessing = 0;
		};
		F94CAE6C1C9251D4008CFF72 /* Sources */ = {
			isa = PBXSourcesBuildPhase;
			buildActionMask = 2147483647;
			files = (
				F94CAE801C9251D4008CFF72 /* basetable.xcdatamodeld in Sources */,
				F94CAE9F1C92682E008CFF72 /* DisplayViewController.m in Sources */,
				F94CAE771C9251D4008CFF72 /* AppDelegate.m in Sources */,
				F94CAE741C9251D4008CFF72 /* main.m in Sources */,
				F94CAE991C925ED7008CFF72 /* SNSServices.m in Sources */,
				F94CAE901C92533C008CFF72 /* RootTableViewController.m in Sources */,
			);
			runOnlyForDeploymentPostprocessing = 0;
		};
/* End PBXSourcesBuildPhase section */

/* Begin PBXVariantGroup section */
		F94CAE5D1C925184008CFF72 /* Main.storyboard */ = {
			isa = PBXVariantGroup;
			children = (
				F94CAE5E1C925184008CFF72 /* Base */,
			);
			name = Main.storyboard;
			sourceTree = "<group>";
		};
		F94CAE651C925184008CFF72 /* LaunchScreen.storyboard */ = {
			isa = PBXVariantGroup;
			children = (
				F94CAE661C925184008CFF72 /* Base */,
			);
			name = LaunchScreen.storyboard;
			sourceTree = "<group>";
		};
		F94CAE7B1C9251D4008CFF72 /* Main.storyboard */ = {
			isa = PBXVariantGroup;
			children = (
				F94CAE7C1C9251D4008CFF72 /* Base */,
			);
			name = Main.storyboard;
			sourceTree = "<group>";
		};
		F94CAE831C9251D4008CFF72 /* LaunchScreen.storyboard */ = {
			isa = PBXVariantGroup;
			children = (
				F94CAE841C9251D4008CFF72 /* Base */,
			);
			name = LaunchScreen.storyboard;
			sourceTree = "<group>";
		};
/* End PBXVariantGroup section */

/* Begin XCBuildConfiguration section */
		F94CAE6A1C925185008CFF72 /* Debug */ = {
			isa = XCBuildConfiguration;
			buildSettings = {
				ASSETCATALOG_COMPILER_APPICON_NAME = AppIcon;
				DEBUG_INFORMATION_FORMAT = dwarf;
				ENABLE_TESTABILITY = YES;
				INFOPLIST_FILE = snspictures/Info.plist;
				IPHONEOS_DEPLOYMENT_TARGET = 9.2;
				LD_RUNPATH_SEARCH_PATHS = "$(inherited) @executable_path/Frameworks";
				PRODUCT_BUNDLE_IDENTIFIER = kr.carrotbooks.snspictures;
				PRODUCT_NAME = "$(TARGET_NAME)";
			};
			name = Debug;
		};
		F94CAE6B1C925185008CFF72 /* Release */ = {
			isa = XCBuildConfiguration;
			buildSettings = {
				ASSETCATALOG_COMPILER_APPICON_NAME = AppIcon;
				INFOPLIST_FILE = snspictures/Info.plist;
				IPHONEOS_DEPLOYMENT_TARGET = 9.2;
				LD_RUNPATH_SEARCH_PATHS = "$(inherited) @executable_path/Frameworks";
				PRODUCT_BUNDLE_IDENTIFIER = kr.carrotbooks.snspictures;
				PRODUCT_NAME = "$(TARGET_NAME)";
			};
			name = Release;
		};
		F94CAE881C9251D4008CFF72 /* Debug */ = {
			isa = XCBuildConfiguration;
			buildSettings = {
				ASSETCATALOG_COMPILER_APPICON_NAME = AppIcon;
				DEBUG_INFORMATION_FORMAT = dwarf;
				ENABLE_TESTABILITY = YES;
				INFOPLIST_FILE = basetable/Info.plist;
				IPHONEOS_DEPLOYMENT_TARGET = 6.0;
				LD_RUNPATH_SEARCH_PATHS = "$(inherited) @executable_path/Frameworks";
				PRODUCT_BUNDLE_IDENTIFIER = kr.carrotbooks.basetable;
				PRODUCT_NAME = "$(TARGET_NAME)";
			};
			name = Debug;
		};
		F94CAE891C9251D4008CFF72 /* Release */ = {
			isa = XCBuildConfiguration;
			buildSettings = {
				ASSETCATALOG_COMPILER_APPICON_NAME = AppIcon;
				INFOPLIST_FILE = basetable/Info.plist;
				IPHONEOS_DEPLOYMENT_TARGET = 6.0;
				LD_RUNPATH_SEARCH_PATHS = "$(inherited) @executable_path/Frameworks";
				PRODUCT_BUNDLE_IDENTIFIER = kr.carrotbooks.basetable;
				PRODUCT_NAME = "$(TARGET_NAME)";
			};
			name = Release;
		};
		F9C8F2F61BC1DD2500F111BB /* Debug */ = {
			isa = XCBuildConfiguration;
			buildSettings = {
				ALWAYS_SEARCH_USER_PATHS = NO;
				CLANG_CXX_LANGUAGE_STANDARD = "gnu++0x";
				CLANG_CXX_LIBRARY = "libc++";
				CLANG_ENABLE_MODULES = YES;
				CLANG_ENABLE_OBJC_ARC = YES;
				CLANG_WARN_BOOL_CONVERSION = YES;
				CLANG_WARN_CONSTANT_CONVERSION = YES;
				CLANG_WARN_DIRECT_OBJC_ISA_USAGE = YES_ERROR;
				CLANG_WARN_EMPTY_BODY = YES;
				CLANG_WARN_ENUM_CONVERSION = YES;
				CLANG_WARN_INT_CONVERSION = YES;
				CLANG_WARN_OBJC_ROOT_CLASS = YES_ERROR;
				CLANG_WARN_UNREACHABLE_CODE = YES;
				CLANG_WARN__DUPLICATE_METHOD_MATCH = YES;
				"CODE_SIGN_IDENTITY[sdk=iphoneos*]" = "iPhone Developer";
				COPY_PHASE_STRIP = NO;
				DEBUG_INFORMATION_FORMAT = "dwarf-with-dsym";
				ENABLE_STRICT_OBJC_MSGSEND = YES;
				GCC_C_LANGUAGE_STANDARD = gnu99;
				GCC_DYNAMIC_NO_PIC = NO;
				GCC_NO_COMMON_BLOCKS = YES;
				GCC_OPTIMIZATION_LEVEL = 0;
				GCC_PREPROCESSOR_DEFINITIONS = (
					"DEBUG=1",
					"$(inherited)",
				);
				GCC_SYMBOLS_PRIVATE_EXTERN = NO;
				GCC_WARN_64_TO_32_BIT_CONVERSION = YES;
				GCC_WARN_ABOUT_RETURN_TYPE = YES_ERROR;
				GCC_WARN_UNDECLARED_SELECTOR = YES;
				GCC_WARN_UNINITIALIZED_AUTOS = YES_AGGRESSIVE;
				GCC_WARN_UNUSED_FUNCTION = YES;
				GCC_WARN_UNUSED_VARIABLE = YES;
				IPHONEOS_DEPLOYMENT_TARGET = 8.4;
				MTL_ENABLE_DEBUG_INFO = YES;
				ONLY_ACTIVE_ARCH = YES;
				SDKROOT = iphoneos;
				TARGETED_DEVICE_FAMILY = "1,2";
			};
			name = Debug;
		};
		F9C8F2F71BC1DD2500F111BB /* Release */ = {
			isa = XCBuildConfiguration;
			buildSettings = {
				ALWAYS_SEARCH_USER_PATHS = NO;
				CLANG_CXX_LANGUAGE_STANDARD = "gnu++0x";
				CLANG_CXX_LIBRARY = "libc++";
				CLANG_ENABLE_MODULES = YES;
				CLANG_ENABLE_OBJC_ARC = YES;
				CLANG_WARN_BOOL_CONVERSION = YES;
				CLANG_WARN_CONSTANT_CONVERSION = YES;
				CLANG_WARN_DIRECT_OBJC_ISA_USAGE = YES_ERROR;
				CLANG_WARN_EMPTY_BODY = YES;
				CLANG_WARN_ENUM_CONVERSION = YES;
				CLANG_WARN_INT_CONVERSION = YES;
				CLANG_WARN_OBJC_ROOT_CLASS = YES_ERROR;
				CLANG_WARN_UNREACHABLE_CODE = YES;
				CLANG_WARN__DUPLICATE_METHOD_MATCH = YES;
				"CODE_SIGN_IDENTITY[sdk=iphoneos*]" = "iPhone Developer";
				COPY_PHASE_STRIP = NO;
				DEBUG_INFORMATION_FORMAT = "dwarf-with-dsym";
				ENABLE_NS_ASSERTIONS = NO;
				ENABLE_STRICT_OBJC_MSGSEND = YES;
				GCC_C_LANGUAGE_STANDARD = gnu99;
				GCC_NO_COMMON_BLOCKS = YES;
				GCC_WARN_64_TO_32_BIT_CONVERSION = YES;
				GCC_WARN_ABOUT_RETURN_TYPE = YES_ERROR;
				GCC_WARN_UNDECLARED_SELECTOR = YES;
				GCC_WARN_UNINITIALIZED_AUTOS = YES_AGGRESSIVE;
				GCC_WARN_UNUSED_FUNCTION = YES;
				GCC_WARN_UNUSED_VARIABLE = YES;
				IPHONEOS_DEPLOYMENT_TARGET = 8.4;
				MTL_ENABLE_DEBUG_INFO = NO;
				SDKROOT = iphoneos;
				TARGETED_DEVICE_FAMILY = "1,2";
				VALIDATE_PRODUCT = YES;
			};
			name = Release;
		};
/* End XCBuildConfiguration section */

/* Begin XCConfigurationList section */
		F94CAE691C925185008CFF72 /* Build configuration list for PBXNativeTarget "snspictures" */ = {
			isa = XCConfigurationList;
			buildConfigurations = (
				F94CAE6A1C925185008CFF72 /* Debug */,
				F94CAE6B1C925185008CFF72 /* Release */,
			);
			defaultConfigurationIsVisible = 0;
		};
		F94CAE871C9251D4008CFF72 /* Build configuration list for PBXNativeTarget "basetable" */ = {
			isa = XCConfigurationList;
			buildConfigurations = (
				F94CAE881C9251D4008CFF72 /* Debug */,
				F94CAE891C9251D4008CFF72 /* Release */,
			);
			defaultConfigurationIsVisible = 0;
		};
		F9C8F2CD1BC1DD2500F111BB /* Build configuration list for PBXProject "iOSSamples" */ = {
			isa = XCConfigurationList;
			buildConfigurations = (
				F9C8F2F61BC1DD2500F111BB /* Debug */,
				F9C8F2F71BC1DD2500F111BB /* Release */,
			);
			defaultConfigurationIsVisible = 0;
			defaultConfigurationName = Release;
		};
/* End XCConfigurationList section */

/* Begin XCVersionGroup section */
		F94CAE601C925184008CFF72 /* snspictures.xcdatamodeld */ = {
			isa = XCVersionGroup;
			children = (
				F94CAE611C925184008CFF72 /* snspictures.xcdatamodel */,
			);
			currentVersion = F94CAE611C925184008CFF72 /* snspictures.xcdatamodel */;
			path = snspictures.xcdatamodeld;
			sourceTree = "<group>";
			versionGroupType = wrapper.xcdatamodel;
		};
		F94CAE7E1C9251D4008CFF72 /* basetable.xcdatamodeld */ = {
			isa = XCVersionGroup;
			children = (
				F94CAE7F1C9251D4008CFF72 /* basetable.xcdatamodel */,
			);
			currentVersion = F94CAE7F1C9251D4008CFF72 /* basetable.xcdatamodel */;
			path = basetable.xcdatamodeld;
			sourceTree = "<group>";
			versionGroupType = wrapper.xcdatamodel;
		};
/* End XCVersionGroup section */
	};
	rootObject = F9C8F2CA1BC1DD2500F111BB /* Project object */;
}
