// !$*UTF8*$!
{
	archiveVersion = 1;
	classes = {
	};
	objectVersion = 46;
	objects = {

/* Begin PBXFileReference section */
		0A3F69BED8FA0499825AC6C8 /* libPods-ImageCache.a */ = {isa = PBXFileReference; explicitFileType = archive.ar; includeInIndex = 0; path = "libPods-ImageCache.a"; sourceTree = BUILT_PRODUCTS_DIR; };
		1A764DEA0D8773BB09588FB2 /* libPods-snspictures.a */ = {isa = PBXFileReference; explicitFileType = archive.ar; includeInIndex = 0; path = "libPods-snspictures.a"; sourceTree = BUILT_PRODUCTS_DIR; };
		81D0F4AC94B29F9AE75C1549 /* libPods-basetable.a */ = {isa = PBXFileReference; explicitFileType = archive.ar; includeInIndex = 0; path = "libPods-basetable.a"; sourceTree = BUILT_PRODUCTS_DIR; };
		A7790B7C71248015E1578650 /* Pods.debug.xcconfig */ = {isa = PBXFileReference; includeInIndex = 1; lastKnownFileType = text.xcconfig; name = Pods.debug.xcconfig; path = "Pods/Target Support Files/Pods/Pods.debug.xcconfig"; sourceTree = "<group>"; };
		C33B5A554131B5F2A700DE42 /* Pods.release.xcconfig */ = {isa = PBXFileReference; includeInIndex = 1; lastKnownFileType = text.xcconfig; name = Pods.release.xcconfig; path = "Pods/Target Support Files/Pods/Pods.release.xcconfig"; sourceTree = "<group>"; };
		CE9C9827291BB7C3CBDCD569 /* libPods.a */ = {isa = PBXFileReference; explicitFileType = archive.ar; includeInIndex = 0; path = libPods.a; sourceTree = BUILT_PRODUCTS_DIR; };
		F9332D211CAA525D00A24DDF /* SNSServices.framework */ = {isa = PBXFileReference; lastKnownFileType = wrapper.framework; name = SNSServices.framework; path = "SNSServices/build/Debug-iphoneos/SNSServices.framework"; sourceTree = "<group>"; };
		F9332D231CAA526F00A24DDF /* SNSServices.framework */ = {isa = PBXFileReference; lastKnownFileType = wrapper.framework; name = SNSServices.framework; path = "SNSServices/build/Debug-iphoneos/SNSServices.framework"; sourceTree = "<group>"; };
		F94CAE931C925CC7008CFF72 /* icon-sns-instagram.png */ = {isa = PBXFileReference; lastKnownFileType = image.png; path = "icon-sns-instagram.png"; sourceTree = "<group>"; };
		F94CAE9B1C926798008CFF72 /* icon-general-exit.png */ = {isa = PBXFileReference; lastKnownFileType = image.png; path = "icon-general-exit.png"; sourceTree = "<group>"; };
		F94CAEA01C9276D5008CFF72 /* icon-sns-picasa.png */ = {isa = PBXFileReference; lastKnownFileType = image.png; path = "icon-sns-picasa.png"; sourceTree = "<group>"; };
		F94CAEA11C9276D5008CFF72 /* icon-sns-flickr.png */ = {isa = PBXFileReference; lastKnownFileType = image.png; path = "icon-sns-flickr.png"; sourceTree = "<group>"; };
/* End PBXFileReference section */

/* Begin PBXGroup section */
		8D701D7593A232495FBFB63A /* Frameworks */ = {
			isa = PBXGroup;
			children = (
				F9332D231CAA526F00A24DDF /* SNSServices.framework */,
				F9332D211CAA525D00A24DDF /* SNSServices.framework */,
				0A3F69BED8FA0499825AC6C8 /* libPods-ImageCache.a */,
				81D0F4AC94B29F9AE75C1549 /* libPods-basetable.a */,
				1A764DEA0D8773BB09588FB2 /* libPods-snspictures.a */,
				CE9C9827291BB7C3CBDCD569 /* libPods.a */,
			);
			name = Frameworks;
			sourceTree = "<group>";
		};
		AEF87D3C58F329118CD9AD96 /* Pods */ = {
			isa = PBXGroup;
			children = (
				A7790B7C71248015E1578650 /* Pods.debug.xcconfig */,
				C33B5A554131B5F2A700DE42 /* Pods.release.xcconfig */,
			);
			name = Pods;
			sourceTree = "<group>";
		};
		F94CAE911C925C9F008CFF72 /* images */ = {
			isa = PBXGroup;
			children = (
				F94CAE9A1C926798008CFF72 /* general */,
				F94CAE921C925C9F008CFF72 /* sns */,
			);
			path = images;
			sourceTree = "<group>";
		};
		F94CAE921C925C9F008CFF72 /* sns */ = {
			isa = PBXGroup;
			children = (
				F94CAEA01C9276D5008CFF72 /* icon-sns-picasa.png */,
				F94CAEA11C9276D5008CFF72 /* icon-sns-flickr.png */,
				F94CAE931C925CC7008CFF72 /* icon-sns-instagram.png */,
			);
			path = sns;
			sourceTree = "<group>";
		};
		F94CAE9A1C926798008CFF72 /* general */ = {
			isa = PBXGroup;
			children = (
				F94CAE9B1C926798008CFF72 /* icon-general-exit.png */,
			);
			path = general;
			sourceTree = "<group>";
		};
		F9C8F2C91BC1DD2500F111BB = {
			isa = PBXGroup;
			children = (
				F94CAE911C925C9F008CFF72 /* images */,
				F9C8F2D31BC1DD2500F111BB /* Products */,
				AEF87D3C58F329118CD9AD96 /* Pods */,
				8D701D7593A232495FBFB63A /* Frameworks */,
			);
			sourceTree = "<group>";
		};
		F9C8F2D31BC1DD2500F111BB /* Products */ = {
			isa = PBXGroup;
			children = (
			);
			name = Products;
			sourceTree = "<group>";
		};
/* End PBXGroup section */

/* Begin PBXProject section */
		F9C8F2CA1BC1DD2500F111BB /* Project object */ = {
			isa = PBXProject;
			attributes = {
				LastUpgradeCheck = 0720;
				ORGANIZATIONNAME = "Joohae Kim";
			};
			buildConfigurationList = F9C8F2CD1BC1DD2500F111BB /* Build configuration list for PBXProject "iOSSamples" */;
			compatibilityVersion = "Xcode 3.2";
			developmentRegion = English;
			hasScannedForEncodings = 0;
			knownRegions = (
				en,
				Base,
			);
			mainGroup = F9C8F2C91BC1DD2500F111BB;
			productRefGroup = F9C8F2D31BC1DD2500F111BB /* Products */;
			projectDirPath = "";
			projectRoot = "";
			targets = (
			);
		};
/* End PBXProject section */

/* Begin XCBuildConfiguration section */
		F9C8F2F61BC1DD2500F111BB /* Debug */ = {
			isa = XCBuildConfiguration;
			buildSettings = {
				ALWAYS_SEARCH_USER_PATHS = NO;
				CLANG_CXX_LANGUAGE_STANDARD = "gnu++0x";
				CLANG_CXX_LIBRARY = "libc++";
				CLANG_ENABLE_MODULES = YES;
				CLANG_ENABLE_OBJC_ARC = YES;
				CLANG_WARN_BOOL_CONVERSION = YES;
				CLANG_WARN_CONSTANT_CONVERSION = YES;
				CLANG_WARN_DIRECT_OBJC_ISA_USAGE = YES_ERROR;
				CLANG_WARN_EMPTY_BODY = YES;
				CLANG_WARN_ENUM_CONVERSION = YES;
				CLANG_WARN_INT_CONVERSION = YES;
				CLANG_WARN_OBJC_ROOT_CLASS = YES_ERROR;
				CLANG_WARN_UNREACHABLE_CODE = YES;
				CLANG_WARN__DUPLICATE_METHOD_MATCH = YES;
				"CODE_SIGN_IDENTITY[sdk=iphoneos*]" = "iPhone Developer";
				COPY_PHASE_STRIP = NO;
				DEBUG_INFORMATION_FORMAT = "dwarf-with-dsym";
				ENABLE_STRICT_OBJC_MSGSEND = YES;
				ENABLE_TESTABILITY = YES;
				GCC_C_LANGUAGE_STANDARD = gnu99;
				GCC_DYNAMIC_NO_PIC = NO;
				GCC_NO_COMMON_BLOCKS = YES;
				GCC_OPTIMIZATION_LEVEL = 0;
				GCC_PREPROCESSOR_DEFINITIONS = (
					"DEBUG=1",
					"$(inherited)",
				);
				GCC_SYMBOLS_PRIVATE_EXTERN = NO;
				GCC_WARN_64_TO_32_BIT_CONVERSION = YES;
				GCC_WARN_ABOUT_RETURN_TYPE = YES_ERROR;
				GCC_WARN_UNDECLARED_SELECTOR = YES;
				GCC_WARN_UNINITIALIZED_AUTOS = YES_AGGRESSIVE;
				GCC_WARN_UNUSED_FUNCTION = YES;
				GCC_WARN_UNUSED_VARIABLE = YES;
				IPHONEOS_DEPLOYMENT_TARGET = 8.0;
				MTL_ENABLE_DEBUG_INFO = YES;
				ONLY_ACTIVE_ARCH = YES;
				SDKROOT = iphoneos;
				TARGETED_DEVICE_FAMILY = "1,2";
			};
			name = Debug;
		};
		F9C8F2F71BC1DD2500F111BB /* Release */ = {
			isa = XCBuildConfiguration;
			buildSettings = {
				ALWAYS_SEARCH_USER_PATHS = NO;
				CLANG_CXX_LANGUAGE_STANDARD = "gnu++0x";
				CLANG_CXX_LIBRARY = "libc++";
				CLANG_ENABLE_MODULES = YES;
				CLANG_ENABLE_OBJC_ARC = YES;
				CLANG_WARN_BOOL_CONVERSION = YES;
				CLANG_WARN_CONSTANT_CONVERSION = YES;
				CLANG_WARN_DIRECT_OBJC_ISA_USAGE = YES_ERROR;
				CLANG_WARN_EMPTY_BODY = YES;
				CLANG_WARN_ENUM_CONVERSION = YES;
				CLANG_WARN_INT_CONVERSION = YES;
				CLANG_WARN_OBJC_ROOT_CLASS = YES_ERROR;
				CLANG_WARN_UNREACHABLE_CODE = YES;
				CLANG_WARN__DUPLICATE_METHOD_MATCH = YES;
				"CODE_SIGN_IDENTITY[sdk=iphoneos*]" = "iPhone Developer";
				COPY_PHASE_STRIP = NO;
				DEBUG_INFORMATION_FORMAT = "dwarf-with-dsym";
				ENABLE_NS_ASSERTIONS = NO;
				ENABLE_STRICT_OBJC_MSGSEND = YES;
				GCC_C_LANGUAGE_STANDARD = gnu99;
				GCC_NO_COMMON_BLOCKS = YES;
				GCC_WARN_64_TO_32_BIT_CONVERSION = YES;
				GCC_WARN_ABOUT_RETURN_TYPE = YES_ERROR;
				GCC_WARN_UNDECLARED_SELECTOR = YES;
				GCC_WARN_UNINITIALIZED_AUTOS = YES_AGGRESSIVE;
				GCC_WARN_UNUSED_FUNCTION = YES;
				GCC_WARN_UNUSED_VARIABLE = YES;
				IPHONEOS_DEPLOYMENT_TARGET = 8.0;
				MTL_ENABLE_DEBUG_INFO = NO;
				SDKROOT = iphoneos;
				TARGETED_DEVICE_FAMILY = "1,2";
				VALIDATE_PRODUCT = YES;
			};
			name = Release;
		};
/* End XCBuildConfiguration section */

/* Begin XCConfigurationList section */
		F9C8F2CD1BC1DD2500F111BB /* Build configuration list for PBXProject "iOSSamples" */ = {
			isa = XCConfigurationList;
			buildConfigurations = (
				F9C8F2F61BC1DD2500F111BB /* Debug */,
				F9C8F2F71BC1DD2500F111BB /* Release */,
			);
			defaultConfigurationIsVisible = 0;
			defaultConfigurationName = Release;
		};
/* End XCConfigurationList section */
	};
	rootObject = F9C8F2CA1BC1DD2500F111BB /* Project object */;
}
